{
  "name": "smtverifier-noir",
  "version": "0.0.1",
  "lockfileVersion": 3,
  "requires": true,
  "packages": {
    "": {
      "name": "smtverifier-noir",
      "version": "0.0.1",
      "license": "AGPL-3.0",
      "dependencies": {
        "@aztec/bb.js": "0.84.0",
        "@cedoor/smt": "0.1.7",
        "@noir-lang/noir_js": "1.0.0-beta.3",
        "@noir-lang/noir_wasm": "1.0.0-beta.3",
        "poseidon-lite": "0.2.0"
      }
    },
    "node_modules/@aztec/bb.js": {
      "version": "0.84.0",
      "resolved": "https://registry.npmjs.org/@aztec/bb.js/-/bb.js-0.84.0.tgz",
      "integrity": "sha512-jNx35PCtevQnIBAyld90JjI+fGTrhcbXH6FkcZoRRpBPvnlZVTmIAU3j16q136m+mFgIBlCuzjOE6ND4cOgnQQ==",
      "license": "MIT",
      "dependencies": {
        "comlink": "^4.4.1",
        "commander": "^12.1.0",
        "debug": "^4.3.4",
        "fflate": "^0.8.0",
        "pako": "^2.1.0",
        "tslib": "^2.4.0"
      },
      "bin": {
        "bb.js": "dest/node/main.js"
      }
    },
    "node_modules/@cedoor/smt": {
      "version": "0.1.7",
      "resolved": "https://registry.npmjs.org/@cedoor/smt/-/smt-0.1.7.tgz",
      "integrity": "sha512-DSD0gPneaAKS+RBa2tJu9SkFTpAGg2hmOXy7Z9juwts3cVu1cBwMPfC4Pe1wNNFCJsBvCFfkzSbJzUNPrx+img==",
      "license": "MIT"
    },
    "node_modules/@noir-lang/acvm_js": {
      "version": "1.0.0-beta.3",
      "resolved": "https://registry.npmjs.org/@noir-lang/acvm_js/-/acvm_js-1.0.0-beta.3.tgz",
      "integrity": "sha512-Dc6g5rJr/x7tKsWvnTbZvjwqI1uiAtvq+NAz5tcLRzUHJw6NAvDXEH5h117h+BfIAhhsHXuPTkDfDB1Gnqp/Bg==",
      "license": "MIT"
    },
    "node_modules/@noir-lang/noir_js": {
      "version": "1.0.0-beta.3",
      "resolved": "https://registry.npmjs.org/@noir-lang/noir_js/-/noir_js-1.0.0-beta.3.tgz",
      "integrity": "sha512-Nt/rP7zRMOfNq9urD8+GtRpYqEc0K10FoKXs/v+ZTbGaP6Jkm7+F+UPj2bkWy66k1HNzsN6ortli7c7mnLDHwA==",
      "license": "(MIT OR Apache-2.0)",
      "dependencies": {
        "@noir-lang/acvm_js": "1.0.0-beta.3",
        "@noir-lang/noirc_abi": "1.0.0-beta.3",
        "@noir-lang/types": "1.0.0-beta.3"
      }
    },
    "node_modules/@noir-lang/noir_wasm": {
      "version": "1.0.0-beta.3",
      "resolved": "https://registry.npmjs.org/@noir-lang/noir_wasm/-/noir_wasm-1.0.0-beta.3.tgz",
      "integrity": "sha512-1EZCmaSYISxJIBLZN1tEyu25E7WIWAYpT3JdnVx+YCHk5uPWtXgroZSqypkpi39TVOJZT6DU/bPfrx0N1GSyog==",
      "license": "(MIT OR Apache-2.0)",
      "dependencies": {
        "@noir-lang/types": "1.0.0-beta.3",
        "pako": "^2.1.0"
      }
    },
    "node_modules/@noir-lang/noirc_abi": {
      "version": "1.0.0-beta.3",
      "resolved": "https://registry.npmjs.org/@noir-lang/noirc_abi/-/noirc_abi-1.0.0-beta.3.tgz",
      "integrity": "sha512-L6BI64ennatwTUciHqQ14ahUFsgzL41tzghqUELzO7XojasStcWDaSMjlTxca/2pvpWtEJHDtseKe1VZWIIVXQ==",
      "license": "(MIT OR Apache-2.0)",
      "dependencies": {
        "@noir-lang/types": "1.0.0-beta.3"
      }
    },
    "node_modules/@noir-lang/types": {
      "version": "1.0.0-beta.3",
      "resolved": "https://registry.npmjs.org/@noir-lang/types/-/types-1.0.0-beta.3.tgz",
      "integrity": "sha512-BPOmf0qDiTn4wH1Lo7mHa67GTQFueIVaDUcUb+N9+ALiXC5nVU8HrzWmx1yvZB64ZiCEy7yPdNEaNrszSrE2fg==",
      "license": "(MIT OR Apache-2.0)"
    },
    "node_modules/comlink": {
      "version": "4.4.2",
      "resolved": "https://registry.npmjs.org/comlink/-/comlink-4.4.2.tgz",
      "integrity": "sha512-OxGdvBmJuNKSCMO4NTl1L47VRp6xn2wG4F/2hYzB6tiCb709otOxtEYCSvK80PtjODfXXZu8ds+Nw5kVCjqd2g==",
      "license": "Apache-2.0"
    },
    "node_modules/commander": {
      "version": "12.1.0",
      "resolved": "https://registry.npmjs.org/commander/-/commander-12.1.0.tgz",
      "integrity": "sha512-Vw8qHK3bZM9y/P10u3Vib8o/DdkvA2OtPtZvD871QKjy74Wj1WSKFILMPRPSdUSx5RFK1arlJzEtA4PkFgnbuA==",
      "license": "MIT",
      "engines": {
        "node": ">=18"
      }
    },
    "node_modules/debug": {
      "version": "4.4.0",
      "resolved": "https://registry.npmjs.org/debug/-/debug-4.4.0.tgz",
      "integrity": "sha512-6WTZ/IxCY/T6BALoZHaE4ctp9xm+Z5kY/pzYaCHRFeyVhojxlrm+46y68HA6hr0TcwEssoxNiDEUJQjfPZ/RYA==",
      "license": "MIT",
      "dependencies": {
        "ms": "^2.1.3"
      },
      "engines": {
        "node": ">=6.0"
      },
      "peerDependenciesMeta": {
        "supports-color": {
          "optional": true
        }
      }
    },
    "node_modules/fflate": {
      "version": "0.8.2",
      "resolved": "https://registry.npmjs.org/fflate/-/fflate-0.8.2.tgz",
      "integrity": "sha512-cPJU47OaAoCbg0pBvzsgpTPhmhqI5eJjh/JIu8tPj5q+T7iLvW/JAYUqmE7KOB4R1ZyEhzBaIQpQpardBF5z8A==",
      "license": "MIT"
    },
    "node_modules/ms": {
      "version": "2.1.3",
      "resolved": "https://registry.npmjs.org/ms/-/ms-2.1.3.tgz",
      "integrity": "sha512-6FlzubTLZG3J2a/NVCAleEhjzq5oxgHyaCU9yYXvcLsvoVaHJq/s5xXI6/XXP6tz7R9xAOtHnSO/tXtF3WRTlA==",
      "license": "MIT"
    },
    "node_modules/pako": {
      "version": "2.1.0",
      "resolved": "https://registry.npmjs.org/pako/-/pako-2.1.0.tgz",
      "integrity": "sha512-w+eufiZ1WuJYgPXbV/PO3NCMEc3xqylkKHzp8bxp1uW4qaSNQUkwmLLEc3kKsfz8lpV1F8Ht3U1Cm+9Srog2ug==",
      "license": "(MIT AND Zlib)"
    },
    "node_modules/poseidon-lite": {
      "version": "0.2.0",
      "resolved": "https://registry.npmjs.org/poseidon-lite/-/poseidon-lite-0.2.0.tgz",
      "integrity": "sha512-vivDZnGmz8W4G/GzVA72PXkfYStjilu83rjjUfpL4PueKcC8nfX6hCPh2XhoC5FBgC6y0TA3YuUeUo5YCcNoig==",
      "license": "MIT"
    },
    "node_modules/tslib": {
      "version": "2.8.1",
      "resolved": "https://registry.npmjs.org/tslib/-/tslib-2.8.1.tgz",
      "integrity": "sha512-oJFu94HQb+KVduSUQL7wnpmqnfmLsOA/nAh6b6EH0wCEoK0/mPeXU6c3wKDV83MkOuHPRHtSXKKU99IBazS/2w==",
      "license": "0BSD"
    }
  }
}
